
Microsoft Visual Studio Solution File, Format Version 12.00
# Visual Studio 15
Project("{FAE04EC0-301F-11D3-BF4B-00C04F79EFBC}") = "Assembly-CSharp", "Assembly-CSharp.csproj", "{7C725978-2CC1-1FEE-9181-C3E9C256ACA2}"
EndProject
Global
	GlobalSection(SolutionConfigurationPlatforms) = preSolution
		Debug|Any CPU = Debug|Any CPU
		Release|Any CPU = Release|Any CPU
	EndGlobalSection
	GlobalSection(ProjectConfigurationPlatforms) = postSolution
		{7C725978-2CC1-1FEE-9181-C3E9C256ACA2}.Debug|Any CPU.ActiveCfg = Debug|Any CPU
		{7C725978-2CC1-1FEE-9181-C3E9C256ACA2}.Debug|Any CPU.Build.0 = Debug|Any CPU
		{7C725978-2CC1-1FEE-9181-C3E9C256ACA2}.Release|Any CPU.ActiveCfg = Release|Any CPU
		{7C725978-2CC1-1FEE-9181-C3E9C256ACA2}.Release|Any CPU.Build.0 = Release|Any CPU
	EndGlobalSection
	GlobalSection(SolutionProperties) = preSolution
		HideSolutionNode = FALSE
	EndGlobalSection
EndGlobal
